
Microsoft Visual Studio Solution File, Format Version 12.00
# Visual Studio Version 17
VisualStudioVersion = 17.6.33829.357
MinimumVisualStudioVersion = 10.0.40219.1
Project("{2150E333-8FDC-42A3-9474-1A3956D46DE8}") = "Exercicio01", "Exercicio01", "{2FB849A4-256B-4860-BC4F-84D802B50B23}"
EndProject
Project("{2150E333-8FDC-42A3-9474-1A3956D46DE8}") = "Exercicio02", "Exercicio02", "{32C71CCD-56CB-4535-82E3-E08165B755BC}"
EndProject
Project("{9A19103F-16F7-4668-BE54-9A1E7A4F7556}") = "Exercicio02", "Exercicio02\Exercicio02.csproj", "{AF8C6C7B-5DB2-459B-8638-B11785094BE7}"
EndProject
Project("{2150E333-8FDC-42A3-9474-1A3956D46DE8}") = "Exercicio03", "Exercicio03", "{252CFE38-DBFA-41A8-BBDD-D682B7C4ADF7}"
EndProject
Project("{9A19103F-16F7-4668-BE54-9A1E7A4F7556}") = "Exercicio03", "Exercicio03\Exercicio03.csproj", "{732877C6-E174-42A1-84EB-6ACD5AFA5618}"
EndProject
Project("{2150E333-8FDC-42A3-9474-1A3956D46DE8}") = "Exercicio04", "Exercicio04", "{3E05BA20-C06D-402D-A62D-84CDB7732049}"
EndProject
Project("{9A19103F-16F7-4668-BE54-9A1E7A4F7556}") = "Exercicio04", "Exercicio04\Exercicio04\Exercicio04.csproj", "{533116BC-6B71-438A-9505-5A8B52DF04CC}"
EndProject
Project("{2150E333-8FDC-42A3-9474-1A3956D46DE8}") = "Exercicio05", "Exercicio05", "{EB131A3D-C691-4086-9A73-860F2A1B7286}"
EndProject
Project("{9A19103F-16F7-4668-BE54-9A1E7A4F7556}") = "Exercicio05", "Exercicio05\Exercicio05.csproj", "{A728B5A1-B3F1-4E98-9990-265C84DC4D6C}"
EndProject
Project("{2150E333-8FDC-42A3-9474-1A3956D46DE8}") = "Exercicio06", "Exercicio06", "{2796818F-5137-42B5-8AA1-0345273272B3}"
EndProject
Project("{9A19103F-16F7-4668-BE54-9A1E7A4F7556}") = "Exercicio06", "Exercicio06\Exercicio06.csproj", "{772684E7-529E-41A0-A64C-E630D1A97216}"
EndProject
Project("{2150E333-8FDC-42A3-9474-1A3956D46DE8}") = "Exercicio07", "Exercicio07", "{F4E690E4-198F-47F1-B192-2A60AEE0E978}"
EndProject
Project("{9A19103F-16F7-4668-BE54-9A1E7A4F7556}") = "Exercicio07", "Exercicio07\Exercicio07.csproj", "{95A05BCA-615C-4F44-AB62-43637826F64E}"
EndProject
Project("{2150E333-8FDC-42A3-9474-1A3956D46DE8}") = "Exercicio09", "Exercicio09", "{71EF3542-CE81-450B-B9DA-733DD37ADC1B}"
EndProject
Project("{9A19103F-16F7-4668-BE54-9A1E7A4F7556}") = "Exercicio09", "Exercicio09\Exercicio09.csproj", "{AE7B7308-0CE2-43F2-B8DE-3DA544E8DBBF}"
EndProject
Project("{2150E333-8FDC-42A3-9474-1A3956D46DE8}") = "Exercicio10", "Exercicio10", "{407E61F5-BFA9-46B2-BB96-622C6B446B8A}"
EndProject
Project("{9A19103F-16F7-4668-BE54-9A1E7A4F7556}") = "Exercicio10", "Exercicio10\Exercicio10.csproj", "{A6A1A17F-9E8A-4298-86A2-01EEA6D19F53}"
EndProject
Project("{2150E333-8FDC-42A3-9474-1A3956D46DE8}") = "Exercicio12", "Exercicio12", "{DF6BE7F4-A265-4656-B424-98CDCA97B90A}"
EndProject
Project("{9A19103F-16F7-4668-BE54-9A1E7A4F7556}") = "Exercicio12", "Exercicio12\Exercicio12.csproj", "{F72C97ED-0C66-4D0C-A194-06F80E7CCBEF}"
EndProject
Project("{2150E333-8FDC-42A3-9474-1A3956D46DE8}") = "Exercicio13", "Exercicio13", "{55A464AF-930D-4841-A355-7DFA8608AA0F}"
EndProject
Project("{9A19103F-16F7-4668-BE54-9A1E7A4F7556}") = "Exercicio13", "Exercicio13\Exercicio13.csproj", "{182B9CBC-40EC-4843-88C6-A15174ED2781}"
EndProject
Project("{2150E333-8FDC-42A3-9474-1A3956D46DE8}") = "Exercicio14", "Exercicio14", "{CD87CA46-CB38-4A95-BB3D-188AB79128BF}"
EndProject
Project("{9A19103F-16F7-4668-BE54-9A1E7A4F7556}") = "Exercicio14", "Exercicio14\Exercicio14.csproj", "{B79ACE98-53D3-47EE-BFAA-F45422D92ED8}"
EndProject
Project("{2150E333-8FDC-42A3-9474-1A3956D46DE8}") = "Exercicio16", "Exercicio16", "{DB5347C2-AC42-4E96-8D46-1F68CA9E1878}"
EndProject
Project("{9A19103F-16F7-4668-BE54-9A1E7A4F7556}") = "Exercicio16", "Exercicio16\Exercicio16.csproj", "{03AE754D-02F1-4756-B0B9-7CC4B537174F}"
EndProject
Project("{2150E333-8FDC-42A3-9474-1A3956D46DE8}") = "Exercicio17", "Exercicio17", "{1274625F-8824-4C18-B821-DB24C8DB4347}"
EndProject
Project("{9A19103F-16F7-4668-BE54-9A1E7A4F7556}") = "Exercicio17", "Exercicio17\Exercicio17.csproj", "{D769F76F-FB89-4403-8EA3-AC3BA4902BC6}"
EndProject
Project("{2150E333-8FDC-42A3-9474-1A3956D46DE8}") = "Exercicio18", "Exercicio18", "{70708B56-3A02-41CE-B58A-69479C3C9D80}"
EndProject
Project("{9A19103F-16F7-4668-BE54-9A1E7A4F7556}") = "Exercicio18", "Exercicio18\Exercicio18.csproj", "{914EFA59-F099-42A2-9D8E-D974762AAF94}"
EndProject
Project("{2150E333-8FDC-42A3-9474-1A3956D46DE8}") = "Exercicio19", "Exercicio19", "{FC7E01B7-DDA2-47BF-9CD5-A3D196CF60E5}"
EndProject
Project("{9A19103F-16F7-4668-BE54-9A1E7A4F7556}") = "Exercicio19", "Exercicio19\Exercicio19.csproj", "{5FB1004E-23C8-4535-B0CC-813CD53FAB85}"
EndProject
Project("{2150E333-8FDC-42A3-9474-1A3956D46DE8}") = "Exercicio20", "Exercicio20", "{F135E107-08A1-4B81-A1F9-C3660D818B7C}"
EndProject
Project("{9A19103F-16F7-4668-BE54-9A1E7A4F7556}") = "Exercicio20", "Exercicio21\Exercicio20.csproj", "{B5C2DE50-679D-4CB7-9095-CF527D7ADD6D}"
EndProject
Project("{2150E333-8FDC-42A3-9474-1A3956D46DE8}") = "Exercicio21", "Exercicio21", "{AFABBAE7-6002-40F6-A347-269EA9799004}"
EndProject
Project("{9A19103F-16F7-4668-BE54-9A1E7A4F7556}") = "Exercicio21", "Exercicio22\Exercicio21.csproj", "{9F756099-6FCE-48CD-B151-5FE74BEC292A}"
EndProject
Project("{2150E333-8FDC-42A3-9474-1A3956D46DE8}") = "Exercicio22", "Exercicio22", "{C648B98C-425F-4BD4-A49C-5AFC83BBF401}"
EndProject
Project("{2150E333-8FDC-42A3-9474-1A3956D46DE8}") = "Exercicio24", "Exercicio24", "{5CDC331C-8425-4EA3-B324-8051AD818626}"
EndProject
Project("{9A19103F-16F7-4668-BE54-9A1E7A4F7556}") = "Exercicio22", "Exercicio22\Exercicio22\Exercicio22.csproj", "{8F633409-6EDE-481E-A4B3-A7BBB24A589C}"
EndProject
Project("{2150E333-8FDC-42A3-9474-1A3956D46DE8}") = "Exercicio23", "Exercicio23", "{89658699-9BEF-4F5D-96E5-C85B1D52757E}"
EndProject
Project("{2150E333-8FDC-42A3-9474-1A3956D46DE8}") = "Exercicio25", "Exercicio25", "{86D46DF5-7B0A-4BBF-B440-EDA3428F0E2E}"
EndProject
Project("{9A19103F-16F7-4668-BE54-9A1E7A4F7556}") = "Exercicio23", "Exercicio23\Exercicio23.csproj", "{7DB38F96-72BA-46B6-96A1-125FC2EE5A4F}"
EndProject
Project("{FAE04EC0-301F-11D3-BF4B-00C04F79EFBC}") = "Exercicio24", "Exercicio24\Exercicio24\Exercicio24.csproj", "{210B151D-0BCF-4677-8D3E-375F84080D0E}"
EndProject
Project("{FAE04EC0-301F-11D3-BF4B-00C04F79EFBC}") = "Exercicio25", "Exercicio25\Exercicio25\Exercicio25.csproj", "{B42BF9B7-B75E-48D8-A09A-207BD0A7752D}"
EndProject
Project("{2150E333-8FDC-42A3-9474-1A3956D46DE8}") = "Exercicio27", "Exercicio27", "{B6DCAB72-4F4D-4D81-99A8-9B00509F8511}"
EndProject
Project("{FAE04EC0-301F-11D3-BF4B-00C04F79EFBC}") = "Exercicio27", "Exercicio27\Exercicio27\Exercicio27.csproj", "{BB076290-145A-4386-86E5-A1C44F9D29E9}"
EndProject
Project("{2150E333-8FDC-42A3-9474-1A3956D46DE8}") = "Exercicio26", "Exercicio26", "{C022C09E-427C-4EE0-90E5-2C0DC6C7BCD9}"
EndProject
Project("{FAE04EC0-301F-11D3-BF4B-00C04F79EFBC}") = "Exercicio26", "Exercicio26\Exercicio26.csproj", "{4378F9C5-946E-48B7-B7BB-503783EC3592}"
EndProject
Project("{2150E333-8FDC-42A3-9474-1A3956D46DE8}") = "Exercicio28", "Exercicio28", "{24D663A4-DAEB-44F8-A868-C78084847573}"
EndProject
Project("{FAE04EC0-301F-11D3-BF4B-00C04F79EFBC}") = "Exercicio28", "Exercicio28\Exercicio28\Exercicio28.csproj", "{3885768F-1090-43E9-AF92-1933BBF0B7CE}"
EndProject
Global
	GlobalSection(SolutionConfigurationPlatforms) = preSolution
		Debug|Any CPU = Debug|Any CPU
		Release|Any CPU = Release|Any CPU
	EndGlobalSection
	GlobalSection(ProjectConfigurationPlatforms) = postSolution
		{AF8C6C7B-5DB2-459B-8638-B11785094BE7}.Debug|Any CPU.ActiveCfg = Debug|Any CPU
		{AF8C6C7B-5DB2-459B-8638-B11785094BE7}.Debug|Any CPU.Build.0 = Debug|Any CPU
		{AF8C6C7B-5DB2-459B-8638-B11785094BE7}.Release|Any CPU.ActiveCfg = Release|Any CPU
		{AF8C6C7B-5DB2-459B-8638-B11785094BE7}.Release|Any CPU.Build.0 = Release|Any CPU
		{732877C6-E174-42A1-84EB-6ACD5AFA5618}.Debug|Any CPU.ActiveCfg = Debug|Any CPU
		{732877C6-E174-42A1-84EB-6ACD5AFA5618}.Debug|Any CPU.Build.0 = Debug|Any CPU
		{732877C6-E174-42A1-84EB-6ACD5AFA5618}.Release|Any CPU.ActiveCfg = Release|Any CPU
		{732877C6-E174-42A1-84EB-6ACD5AFA5618}.Release|Any CPU.Build.0 = Release|Any CPU
		{533116BC-6B71-438A-9505-5A8B52DF04CC}.Debug|Any CPU.ActiveCfg = Debug|Any CPU
		{533116BC-6B71-438A-9505-5A8B52DF04CC}.Debug|Any CPU.Build.0 = Debug|Any CPU
		{533116BC-6B71-438A-9505-5A8B52DF04CC}.Release|Any CPU.ActiveCfg = Release|Any CPU
		{533116BC-6B71-438A-9505-5A8B52DF04CC}.Release|Any CPU.Build.0 = Release|Any CPU
		{A728B5A1-B3F1-4E98-9990-265C84DC4D6C}.Debug|Any CPU.ActiveCfg = Debug|Any CPU
		{A728B5A1-B3F1-4E98-9990-265C84DC4D6C}.Debug|Any CPU.Build.0 = Debug|Any CPU
		{A728B5A1-B3F1-4E98-9990-265C84DC4D6C}.Release|Any CPU.ActiveCfg = Release|Any CPU
		{A728B5A1-B3F1-4E98-9990-265C84DC4D6C}.Release|Any CPU.Build.0 = Release|Any CPU
		{772684E7-529E-41A0-A64C-E630D1A97216}.Debug|Any CPU.ActiveCfg = Debug|Any CPU
		{772684E7-529E-41A0-A64C-E630D1A97216}.Debug|Any CPU.Build.0 = Debug|Any CPU
		{772684E7-529E-41A0-A64C-E630D1A97216}.Release|Any CPU.ActiveCfg = Release|Any CPU
		{772684E7-529E-41A0-A64C-E630D1A97216}.Release|Any CPU.Build.0 = Release|Any CPU
		{95A05BCA-615C-4F44-AB62-43637826F64E}.Debug|Any CPU.ActiveCfg = Debug|Any CPU
		{95A05BCA-615C-4F44-AB62-43637826F64E}.Debug|Any CPU.Build.0 = Debug|Any CPU
		{95A05BCA-615C-4F44-AB62-43637826F64E}.Release|Any CPU.ActiveCfg = Release|Any CPU
		{95A05BCA-615C-4F44-AB62-43637826F64E}.Release|Any CPU.Build.0 = Release|Any CPU
		{AE7B7308-0CE2-43F2-B8DE-3DA544E8DBBF}.Debug|Any CPU.ActiveCfg = Debug|Any CPU
		{AE7B7308-0CE2-43F2-B8DE-3DA544E8DBBF}.Debug|Any CPU.Build.0 = Debug|Any CPU
		{AE7B7308-0CE2-43F2-B8DE-3DA544E8DBBF}.Release|Any CPU.ActiveCfg = Release|Any CPU
		{AE7B7308-0CE2-43F2-B8DE-3DA544E8DBBF}.Release|Any CPU.Build.0 = Release|Any CPU
		{A6A1A17F-9E8A-4298-86A2-01EEA6D19F53}.Debug|Any CPU.ActiveCfg = Debug|Any CPU
		{A6A1A17F-9E8A-4298-86A2-01EEA6D19F53}.Debug|Any CPU.Build.0 = Debug|Any CPU
		{A6A1A17F-9E8A-4298-86A2-01EEA6D19F53}.Release|Any CPU.ActiveCfg = Release|Any CPU
		{A6A1A17F-9E8A-4298-86A2-01EEA6D19F53}.Release|Any CPU.Build.0 = Release|Any CPU
		{F72C97ED-0C66-4D0C-A194-06F80E7CCBEF}.Debug|Any CPU.ActiveCfg = Debug|Any CPU
		{F72C97ED-0C66-4D0C-A194-06F80E7CCBEF}.Debug|Any CPU.Build.0 = Debug|Any CPU
		{F72C97ED-0C66-4D0C-A194-06F80E7CCBEF}.Release|Any CPU.ActiveCfg = Release|Any CPU
		{F72C97ED-0C66-4D0C-A194-06F80E7CCBEF}.Release|Any CPU.Build.0 = Release|Any CPU
		{182B9CBC-40EC-4843-88C6-A15174ED2781}.Debug|Any CPU.ActiveCfg = Debug|Any CPU
		{182B9CBC-40EC-4843-88C6-A15174ED2781}.Debug|Any CPU.Build.0 = Debug|Any CPU
		{182B9CBC-40EC-4843-88C6-A15174ED2781}.Release|Any CPU.ActiveCfg = Release|Any CPU
		{182B9CBC-40EC-4843-88C6-A15174ED2781}.Release|Any CPU.Build.0 = Release|Any CPU
		{B79ACE98-53D3-47EE-BFAA-F45422D92ED8}.Debug|Any CPU.ActiveCfg = Debug|Any CPU
		{B79ACE98-53D3-47EE-BFAA-F45422D92ED8}.Debug|Any CPU.Build.0 = Debug|Any CPU
		{B79ACE98-53D3-47EE-BFAA-F45422D92ED8}.Release|Any CPU.ActiveCfg = Release|Any CPU
		{B79ACE98-53D3-47EE-BFAA-F45422D92ED8}.Release|Any CPU.Build.0 = Release|Any CPU
		{03AE754D-02F1-4756-B0B9-7CC4B537174F}.Debug|Any CPU.ActiveCfg = Debug|Any CPU
		{03AE754D-02F1-4756-B0B9-7CC4B537174F}.Debug|Any CPU.Build.0 = Debug|Any CPU
		{03AE754D-02F1-4756-B0B9-7CC4B537174F}.Release|Any CPU.ActiveCfg = Release|Any CPU
		{03AE754D-02F1-4756-B0B9-7CC4B537174F}.Release|Any CPU.Build.0 = Release|Any CPU
		{D769F76F-FB89-4403-8EA3-AC3BA4902BC6}.Debug|Any CPU.ActiveCfg = Debug|Any CPU
		{D769F76F-FB89-4403-8EA3-AC3BA4902BC6}.Debug|Any CPU.Build.0 = Debug|Any CPU
		{D769F76F-FB89-4403-8EA3-AC3BA4902BC6}.Release|Any CPU.ActiveCfg = Release|Any CPU
		{D769F76F-FB89-4403-8EA3-AC3BA4902BC6}.Release|Any CPU.Build.0 = Release|Any CPU
		{914EFA59-F099-42A2-9D8E-D974762AAF94}.Debug|Any CPU.ActiveCfg = Debug|Any CPU
		{914EFA59-F099-42A2-9D8E-D974762AAF94}.Debug|Any CPU.Build.0 = Debug|Any CPU
		{914EFA59-F099-42A2-9D8E-D974762AAF94}.Release|Any CPU.ActiveCfg = Release|Any CPU
		{914EFA59-F099-42A2-9D8E-D974762AAF94}.Release|Any CPU.Build.0 = Release|Any CPU
		{5FB1004E-23C8-4535-B0CC-813CD53FAB85}.Debug|Any CPU.ActiveCfg = Debug|Any CPU
		{5FB1004E-23C8-4535-B0CC-813CD53FAB85}.Debug|Any CPU.Build.0 = Debug|Any CPU
		{5FB1004E-23C8-4535-B0CC-813CD53FAB85}.Release|Any CPU.ActiveCfg = Release|Any CPU
		{5FB1004E-23C8-4535-B0CC-813CD53FAB85}.Release|Any CPU.Build.0 = Release|Any CPU
		{B5C2DE50-679D-4CB7-9095-CF527D7ADD6D}.Debug|Any CPU.ActiveCfg = Debug|Any CPU
		{B5C2DE50-679D-4CB7-9095-CF527D7ADD6D}.Debug|Any CPU.Build.0 = Debug|Any CPU
		{B5C2DE50-679D-4CB7-9095-CF527D7ADD6D}.Release|Any CPU.ActiveCfg = Release|Any CPU
		{B5C2DE50-679D-4CB7-9095-CF527D7ADD6D}.Release|Any CPU.Build.0 = Release|Any CPU
		{9F756099-6FCE-48CD-B151-5FE74BEC292A}.Debug|Any CPU.ActiveCfg = Debug|Any CPU
		{9F756099-6FCE-48CD-B151-5FE74BEC292A}.Debug|Any CPU.Build.0 = Debug|Any CPU
		{9F756099-6FCE-48CD-B151-5FE74BEC292A}.Release|Any CPU.ActiveCfg = Release|Any CPU
		{9F756099-6FCE-48CD-B151-5FE74BEC292A}.Release|Any CPU.Build.0 = Release|Any CPU
		{8F633409-6EDE-481E-A4B3-A7BBB24A589C}.Debug|Any CPU.ActiveCfg = Debug|Any CPU
		{8F633409-6EDE-481E-A4B3-A7BBB24A589C}.Debug|Any CPU.Build.0 = Debug|Any CPU
		{8F633409-6EDE-481E-A4B3-A7BBB24A589C}.Release|Any CPU.ActiveCfg = Release|Any CPU
		{8F633409-6EDE-481E-A4B3-A7BBB24A589C}.Release|Any CPU.Build.0 = Release|Any CPU
		{7DB38F96-72BA-46B6-96A1-125FC2EE5A4F}.Debug|Any CPU.ActiveCfg = Debug|Any CPU
		{7DB38F96-72BA-46B6-96A1-125FC2EE5A4F}.Debug|Any CPU.Build.0 = Debug|Any CPU
		{7DB38F96-72BA-46B6-96A1-125FC2EE5A4F}.Release|Any CPU.ActiveCfg = Release|Any CPU
		{7DB38F96-72BA-46B6-96A1-125FC2EE5A4F}.Release|Any CPU.Build.0 = Release|Any CPU
		{210B151D-0BCF-4677-8D3E-375F84080D0E}.Debug|Any CPU.ActiveCfg = Debug|Any CPU
		{210B151D-0BCF-4677-8D3E-375F84080D0E}.Debug|Any CPU.Build.0 = Debug|Any CPU
		{210B151D-0BCF-4677-8D3E-375F84080D0E}.Release|Any CPU.ActiveCfg = Release|Any CPU
		{210B151D-0BCF-4677-8D3E-375F84080D0E}.Release|Any CPU.Build.0 = Release|Any CPU
		{B42BF9B7-B75E-48D8-A09A-207BD0A7752D}.Debug|Any CPU.ActiveCfg = Debug|Any CPU
		{B42BF9B7-B75E-48D8-A09A-207BD0A7752D}.Debug|Any CPU.Build.0 = Debug|Any CPU
		{B42BF9B7-B75E-48D8-A09A-207BD0A7752D}.Release|Any CPU.ActiveCfg = Release|Any CPU
		{B42BF9B7-B75E-48D8-A09A-207BD0A7752D}.Release|Any CPU.Build.0 = Release|Any CPU
		{BB076290-145A-4386-86E5-A1C44F9D29E9}.Debug|Any CPU.ActiveCfg = Debug|Any CPU
		{BB076290-145A-4386-86E5-A1C44F9D29E9}.Debug|Any CPU.Build.0 = Debug|Any CPU
		{BB076290-145A-4386-86E5-A1C44F9D29E9}.Release|Any CPU.ActiveCfg = Release|Any CPU
		{BB076290-145A-4386-86E5-A1C44F9D29E9}.Release|Any CPU.Build.0 = Release|Any CPU
		{4378F9C5-946E-48B7-B7BB-503783EC3592}.Debug|Any CPU.ActiveCfg = Debug|Any CPU
		{4378F9C5-946E-48B7-B7BB-503783EC3592}.Debug|Any CPU.Build.0 = Debug|Any CPU
		{4378F9C5-946E-48B7-B7BB-503783EC3592}.Release|Any CPU.ActiveCfg = Release|Any CPU
		{4378F9C5-946E-48B7-B7BB-503783EC3592}.Release|Any CPU.Build.0 = Release|Any CPU
		{3885768F-1090-43E9-AF92-1933BBF0B7CE}.Debug|Any CPU.ActiveCfg = Debug|Any CPU
		{3885768F-1090-43E9-AF92-1933BBF0B7CE}.Debug|Any CPU.Build.0 = Debug|Any CPU
		{3885768F-1090-43E9-AF92-1933BBF0B7CE}.Release|Any CPU.ActiveCfg = Release|Any CPU
		{3885768F-1090-43E9-AF92-1933BBF0B7CE}.Release|Any CPU.Build.0 = Release|Any CPU
	EndGlobalSection
	GlobalSection(SolutionProperties) = preSolution
		HideSolutionNode = FALSE
	EndGlobalSection
	GlobalSection(NestedProjects) = preSolution
		{AF8C6C7B-5DB2-459B-8638-B11785094BE7} = {32C71CCD-56CB-4535-82E3-E08165B755BC}
		{732877C6-E174-42A1-84EB-6ACD5AFA5618} = {252CFE38-DBFA-41A8-BBDD-D682B7C4ADF7}
		{533116BC-6B71-438A-9505-5A8B52DF04CC} = {3E05BA20-C06D-402D-A62D-84CDB7732049}
		{A728B5A1-B3F1-4E98-9990-265C84DC4D6C} = {EB131A3D-C691-4086-9A73-860F2A1B7286}
		{772684E7-529E-41A0-A64C-E630D1A97216} = {2796818F-5137-42B5-8AA1-0345273272B3}
		{95A05BCA-615C-4F44-AB62-43637826F64E} = {F4E690E4-198F-47F1-B192-2A60AEE0E978}
		{AE7B7308-0CE2-43F2-B8DE-3DA544E8DBBF} = {71EF3542-CE81-450B-B9DA-733DD37ADC1B}
		{A6A1A17F-9E8A-4298-86A2-01EEA6D19F53} = {407E61F5-BFA9-46B2-BB96-622C6B446B8A}
		{F72C97ED-0C66-4D0C-A194-06F80E7CCBEF} = {DF6BE7F4-A265-4656-B424-98CDCA97B90A}
		{182B9CBC-40EC-4843-88C6-A15174ED2781} = {55A464AF-930D-4841-A355-7DFA8608AA0F}
		{B79ACE98-53D3-47EE-BFAA-F45422D92ED8} = {CD87CA46-CB38-4A95-BB3D-188AB79128BF}
		{03AE754D-02F1-4756-B0B9-7CC4B537174F} = {DB5347C2-AC42-4E96-8D46-1F68CA9E1878}
		{D769F76F-FB89-4403-8EA3-AC3BA4902BC6} = {1274625F-8824-4C18-B821-DB24C8DB4347}
		{914EFA59-F099-42A2-9D8E-D974762AAF94} = {70708B56-3A02-41CE-B58A-69479C3C9D80}
		{5FB1004E-23C8-4535-B0CC-813CD53FAB85} = {FC7E01B7-DDA2-47BF-9CD5-A3D196CF60E5}
		{B5C2DE50-679D-4CB7-9095-CF527D7ADD6D} = {F135E107-08A1-4B81-A1F9-C3660D818B7C}
		{9F756099-6FCE-48CD-B151-5FE74BEC292A} = {AFABBAE7-6002-40F6-A347-269EA9799004}
		{8F633409-6EDE-481E-A4B3-A7BBB24A589C} = {C648B98C-425F-4BD4-A49C-5AFC83BBF401}
		{7DB38F96-72BA-46B6-96A1-125FC2EE5A4F} = {89658699-9BEF-4F5D-96E5-C85B1D52757E}
		{210B151D-0BCF-4677-8D3E-375F84080D0E} = {5CDC331C-8425-4EA3-B324-8051AD818626}
		{B42BF9B7-B75E-48D8-A09A-207BD0A7752D} = {86D46DF5-7B0A-4BBF-B440-EDA3428F0E2E}
		{BB076290-145A-4386-86E5-A1C44F9D29E9} = {B6DCAB72-4F4D-4D81-99A8-9B00509F8511}
		{4378F9C5-946E-48B7-B7BB-503783EC3592} = {C022C09E-427C-4EE0-90E5-2C0DC6C7BCD9}
		{3885768F-1090-43E9-AF92-1933BBF0B7CE} = {24D663A4-DAEB-44F8-A868-C78084847573}
	EndGlobalSection
	GlobalSection(ExtensibilityGlobals) = postSolution
		SolutionGuid = {AA2EA782-6F0B-4396-B99E-08D960198A38}
	EndGlobalSection
EndGlobal
